
Microsoft Visual Studio Solution File, Format Version 12.00
# Visual Studio 15
VisualStudioVersion = 15.0.28307.902
MinimumVisualStudioVersion = 10.0.40219.1
Project("{9092AA53-FB77-4645-B42D-1CCCA6BD08BD}") = "ExpressJS_Project", "ExpressJS_Project\ExpressJS_Project.njsproj", "{DDFC37FE-5C45-4270-A062-77A8785A958F}"
EndProject
Global
	GlobalSection(SolutionConfigurationPlatforms) = preSolution
		Debug|Any CPU = Debug|Any CPU
		Release|Any CPU = Release|Any CPU
	EndGlobalSection
	GlobalSection(ProjectConfigurationPlatforms) = postSolution
		{DDFC37FE-5C45-4270-A062-77A8785A958F}.Debug|Any CPU.ActiveCfg = Debug|Any CPU
		{DDFC37FE-5C45-4270-A062-77A8785A958F}.Debug|Any CPU.Build.0 = Debug|Any CPU
		{DDFC37FE-5C45-4270-A062-77A8785A958F}.Release|Any CPU.ActiveCfg = Release|Any CPU
		{DDFC37FE-5C45-4270-A062-77A8785A958F}.Release|Any CPU.Build.0 = Release|Any CPU
	EndGlobalSection
	GlobalSection(SolutionProperties) = preSolution
		HideSolutionNode = FALSE
	EndGlobalSection
	GlobalSection(ExtensibilityGlobals) = postSolution
		SolutionGuid = {89600AB7-5702-4C44-A444-B4DD4A688CBD}
	EndGlobalSection
EndGlobal
